
Microsoft Visual Studio Solution File, Format Version 12.00
# Visual Studio 15
VisualStudioVersion = 15.0.28010.2036
MinimumVisualStudioVersion = 10.0.40219.1
Project("{FAE04EC0-301F-11D3-BF4B-00C04F79EFBC}") = "LED_CS_Class", "LED_CS_Class\LED_CS_Class.csproj", "{D35AC5B1-01AD-4AD8-9515-DFC18BD4E89D}"
EndProject
Global
	GlobalSection(SolutionConfigurationPlatforms) = preSolution
		Debug|Any CPU = Debug|Any CPU
		Release|Any CPU = Release|Any CPU
	EndGlobalSection
	GlobalSection(ProjectConfigurationPlatforms) = postSolution
		{D35AC5B1-01AD-4AD8-9515-DFC18BD4E89D}.Debug|Any CPU.ActiveCfg = Debug|Any CPU
		{D35AC5B1-01AD-4AD8-9515-DFC18BD4E89D}.Debug|Any CPU.Build.0 = Debug|Any CPU
		{D35AC5B1-01AD-4AD8-9515-DFC18BD4E89D}.Release|Any CPU.ActiveCfg = Release|Any CPU
		{D35AC5B1-01AD-4AD8-9515-DFC18BD4E89D}.Release|Any CPU.Build.0 = Release|Any CPU
	EndGlobalSection
	GlobalSection(SolutionProperties) = preSolution
		HideSolutionNode = FALSE
	EndGlobalSection
	GlobalSection(ExtensibilityGlobals) = postSolution
		SolutionGuid = {3ACDF096-EF1E-4A91-B7A0-EC3C7401658E}
	EndGlobalSection
EndGlobal
