
Microsoft Visual Studio Solution File, Format Version 12.00
# Visual Studio 15
VisualStudioVersion = 15.0.28010.2036
MinimumVisualStudioVersion = 10.0.40219.1
Project("{FAE04EC0-301F-11D3-BF4B-00C04F79EFBC}") = "LED_CS_Class", "LED_CS_Class\LED_CS_Class.csproj", "{D35AC5B1-01AD-4AD8-9515-DFC18BD4E89D}"
EndProject
Project("{8BC9CEB8-8B4A-11D0-8D11-00A0C91BC942}") = "20191206LED_CS_Class", "20191206LED_CS_Class\20191206LED_CS_Class.vcxproj", "{C5F80730-F44F-4478-BDAE-6634EFC2CA88}"
EndProject
Global
	GlobalSection(SolutionConfigurationPlatforms) = preSolution
		Debug|Any CPU = Debug|Any CPU
		Debug|x86 = Debug|x86
		Release|Any CPU = Release|Any CPU
		Release|x86 = Release|x86
	EndGlobalSection
	GlobalSection(ProjectConfigurationPlatforms) = postSolution
		{D35AC5B1-01AD-4AD8-9515-DFC18BD4E89D}.Debug|Any CPU.ActiveCfg = Debug|Any CPU
		{D35AC5B1-01AD-4AD8-9515-DFC18BD4E89D}.Debug|Any CPU.Build.0 = Debug|Any CPU
		{D35AC5B1-01AD-4AD8-9515-DFC18BD4E89D}.Debug|x86.ActiveCfg = Debug|Any CPU
		{D35AC5B1-01AD-4AD8-9515-DFC18BD4E89D}.Debug|x86.Build.0 = Debug|Any CPU
		{D35AC5B1-01AD-4AD8-9515-DFC18BD4E89D}.Release|Any CPU.ActiveCfg = Release|Any CPU
		{D35AC5B1-01AD-4AD8-9515-DFC18BD4E89D}.Release|Any CPU.Build.0 = Release|Any CPU
		{D35AC5B1-01AD-4AD8-9515-DFC18BD4E89D}.Release|x86.ActiveCfg = Release|Any CPU
		{D35AC5B1-01AD-4AD8-9515-DFC18BD4E89D}.Release|x86.Build.0 = Release|Any CPU
		{C5F80730-F44F-4478-BDAE-6634EFC2CA88}.Debug|Any CPU.ActiveCfg = Debug|Win32
		{C5F80730-F44F-4478-BDAE-6634EFC2CA88}.Debug|x86.ActiveCfg = Debug|Win32
		{C5F80730-F44F-4478-BDAE-6634EFC2CA88}.Debug|x86.Build.0 = Debug|Win32
		{C5F80730-F44F-4478-BDAE-6634EFC2CA88}.Release|Any CPU.ActiveCfg = Release|Win32
		{C5F80730-F44F-4478-BDAE-6634EFC2CA88}.Release|x86.ActiveCfg = Release|Win32
		{C5F80730-F44F-4478-BDAE-6634EFC2CA88}.Release|x86.Build.0 = Release|Win32
	EndGlobalSection
	GlobalSection(SolutionProperties) = preSolution
		HideSolutionNode = FALSE
	EndGlobalSection
	GlobalSection(ExtensibilityGlobals) = postSolution
		SolutionGuid = {3ACDF096-EF1E-4A91-B7A0-EC3C7401658E}
	EndGlobalSection
EndGlobal
